
Microsoft Visual Studio Solution File, Format Version 12.00
# Visual Studio Version 17
VisualStudioVersion = 17.5.002.0
MinimumVisualStudioVersion = 10.0.40219.1
Project("{9A19103F-16F7-4668-BE54-9A1E7A4F7556}") = "myfirstchallenge", "myfirstchallenge.csproj", "{CE051E68-F748-4B9F-9C4C-57DB29551D48}"
EndProject
Global
	GlobalSection(SolutionConfigurationPlatforms) = preSolution
		Debug|Any CPU = Debug|Any CPU
		Release|Any CPU = Release|Any CPU
	EndGlobalSection
	GlobalSection(ProjectConfigurationPlatforms) = postSolution
		{CE051E68-F748-4B9F-9C4C-57DB29551D48}.Debug|Any CPU.ActiveCfg = Debug|Any CPU
		{CE051E68-F748-4B9F-9C4C-57DB29551D48}.Debug|Any CPU.Build.0 = Debug|Any CPU
		{CE051E68-F748-4B9F-9C4C-57DB29551D48}.Release|Any CPU.ActiveCfg = Release|Any CPU
		{CE051E68-F748-4B9F-9C4C-57DB29551D48}.Release|Any CPU.Build.0 = Release|Any CPU
	EndGlobalSection
	GlobalSection(SolutionProperties) = preSolution
		HideSolutionNode = FALSE
	EndGlobalSection
	GlobalSection(ExtensibilityGlobals) = postSolution
		SolutionGuid = {808626A7-9A90-4C23-960A-B2A1FDAC3EC9}
	EndGlobalSection
EndGlobal
